# This file is automatically @generated by Cargo.
# It is not intended for manual editing.
version = 4

[[package]]
name = "a9n-types"
version = "0.3.0"
source = "registry+https://github.com/rust-lang/crates.io-index"
checksum = "f13feb37ee5cfc4b43d8bd78a4c1fcd2d8e9a4c653d971b54b2c6c886a34b4ff"

[[package]]
name = "a9n_abi"
version = "0.3.0"
source = "registry+https://github.com/rust-lang/crates.io-index"
checksum = "6bf3d2647d6a896ff4562f56102567e9687ca61a48eb507dc62c1eac32d669dd"
dependencies = [
 "a9n-types",
]

[[package]]
name = "block_device_server"
version = "0.1.0"
dependencies = [
 "libnanami",
 "nanami-services",
]

[[package]]
name = "libnanami"
version = "0.1.0"
dependencies = [
 "a9n-types",
 "a9n_abi",
]

[[package]]
name = "nanami-services"
version = "0.1.0"
dependencies = [
 "a9n_abi",
 "libnanami",
]
