# This file is automatically @generated by Cargo.
# It is not intended for manual editing.
version = 4

[[package]]
name = "a9n-types"
version = "0.3.0"
source = "registry+https://github.com/rust-lang/crates.io-index"
checksum = "f13feb37ee5cfc4b43d8bd78a4c1fcd2d8e9a4c653d971b54b2c6c886a34b4ff"

[[package]]
name = "a9n_abi"
version = "0.6.0"
source = "registry+https://github.com/rust-lang/crates.io-index"
checksum = "75ab6f2d8b0e697b2b340fbaecffdf7a978f24de339b438008d5973c29b0e81e"
dependencies = [
 "a9n-types",
 "bitflags",
]

[[package]]
name = "bitflags"
version = "2.13.2"
source = "registry+https://github.com/rust-lang/crates.io-index"
checksum = "3ded4057c258ba199e2d26386d3af3780957ecaee6c4ef4041c6b4b8b97c0b06"

[[package]]
name = "cfg-if"
version = "1.0.4"
source = "registry+https://github.com/rust-lang/crates.io-index"
checksum = "9330f8b2ff13f34540b44e946ef35111825727b38d33286ef986142615121801"

[[package]]
name = "const-default"
version = "1.0.0"
source = "registry+https://github.com/rust-lang/crates.io-index"
checksum = "0b396d1f76d455557e1218ec8066ae14bba60b4b36ecd55577ba979f5db7ecaa"

[[package]]
name = "libc"
version = "0.2.189"
source = "registry+https://github.com/rust-lang/crates.io-index"
checksum = "3eaf3ede3fee6db1a4c2ee091bf8a8b4dccdc6d17f656fb07896ee72867612f2"

[[package]]
name = "libnanami"
version = "0.1.0"
dependencies = [
 "a9n-types",
 "a9n_abi",
 "rlsf",
]

[[package]]
name = "nanami-gpt"
version = "0.1.0"

[[package]]
name = "nanami-services"
version = "0.1.0"
dependencies = [
 "a9n_abi",
 "libnanami",
]

[[package]]
name = "rlsf"
version = "0.2.3"
source = "registry+https://github.com/rust-lang/crates.io-index"
checksum = "07393724337be2ee43a9d86164df4505746874a3fa65913374bc6d6a92314362"
dependencies = [
 "cfg-if",
 "const-default",
 "libc",
 "rustversion",
]

[[package]]
name = "rustversion"
version = "1.0.23"
source = "registry+https://github.com/rust-lang/crates.io-index"
checksum = "cf54715a573b99ac80df0bc206da022bcd442c974952c7b9720069370852e21f"

[[package]]
name = "usb_server"
version = "0.1.0"
dependencies = [
 "libnanami",
 "nanami-gpt",
 "nanami-services",
]
